<?xml version="1.0" encoding="utf-8"?>
<Project ToolsVersion="4.0" xmlns="http://schemas.microsoft.com/developer/msbuild/2003">
  <ItemGroup>
    <Filter Include="Source Files">
      <UniqueIdentifier>{4FC737F1-C7A5-4376-A066-2A32D752A2FF}</UniqueIdentifier>
      <Extensions>cpp;c;cc;cxx;c++;cppm;ixx;def;odl;idl;hpj;bat;asm;asmx</Extensions>
    </Filter>
    <Filter Include="Entry">
      <UniqueIdentifier>{541b1b51-ad69-4397-94d8-4503dadde9ad}</UniqueIdentifier>
    </Filter>
    <Filter Include="Include">
      <UniqueIdentifier>{93995380-89BD-4b04-88EB-625FBE52EBFB}</UniqueIdentifier>
      <Extensions>h;hh;hpp;hxx;h++;hm;inl;inc;ipp;xsd</Extensions>
    </Filter>
  </ItemGroup>
  <ItemGroup>
    <ClCompile Include="..\Source\main.c">
      <Filter>Entry</Filter>
    </ClCompile>
    <ClCompile Include="..\Source\Source\Crypto.c">
      <Filter>Source Files</Filter>
    </ClCompile>
    <ClCompile Include="..\Source\Source\IO.c">
      <Filter>Source Files</Filter>
    </ClCompile>
    <ClCompile Include="..\Source\Source\Terminal.c">
      <Filter>Source Files</Filter>
    </ClCompile>
  </ItemGroup>
  <ItemGroup>
    <ClInclude Include="..\Source\Include\Crypto.h">
      <Filter>Include</Filter>
    </ClInclude>
    <ClInclude Include="..\Source\Include\IO.h">
      <Filter>Include</Filter>
    </ClInclude>
    <ClInclude Include="..\Source\Include\Strings.h">
      <Filter>Include</Filter>
    </ClInclude>
    <ClInclude Include="..\Source\Include\Terminal.h">
      <Filter>Include</Filter>
    </ClInclude>
    <ClInclude Include="..\Source\Include\Utils.h">
      <Filter>Include</Filter>
    </ClInclude>
  </ItemGroup>
</Project>